// !$*UTF8*$!
{
	archiveVersion = 1;
	classes = {
	};
	objectVersion = 46;
	objects = {

/* Begin PBXBuildFile section */
		8BC75FE81BF19CE10008CDAB /* main.c in Sources */ = {isa = PBXBuildFile; fileRef = 8BC75FE71BF19CE10008CDAB /* main.c */; };
/* End PBXBuildFile section */

/* Begin PBXCopyFilesBuildPhase section */
		8BC75FE21BF19CE10008CDAB /* CopyFiles */ = {
			isa = PBXCopyFilesBuildPhase;
			buildActionMask = 2147483647;
			dstPath = /usr/share/man/man1/;
			dstSubfolderSpec = 0;
			files = (
			);
			runOnlyForDeploymentPostprocessing = 1;
		};
/* End PBXCopyFilesBuildPhase section */

/* Begin PBXFileReference section */
		8BC75FE41BF19CE10008CDAB /* omp_in_final */ = {isa = PBXFileReference; explicitFileType = "compiled.mach-o.executable"; includeInIndex = 0; path = omp_in_final; sourceTree = BUILT_PRODUCTS_DIR; };
		8BC75FE71BF19CE10008CDAB /* main.c */ = {isa = PBXFileReference; lastKnownFileType = sourcecode.c.c; path = main.c; sourceTree = "<group>"; };
/* End PBXFileReference section */

/* Begin PBXFrameworksBuildPhase section */
		8BC75FE11BF19CE10008CDAB /* Frameworks */ = {
			isa = PBXFrameworksBuildPhase;
			buildActionMask = 2147483647;
			files = (
			);
			runOnlyForDeploymentPostprocessing = 0;
		};
/* End PBXFrameworksBuildPhase section */

/* Begin PBXGroup section */
		8BC75FDB1BF19CE10008CDAB = {
			isa = PBXGroup;
			children = (
				8BC75FE61BF19CE10008CDAB /* omp_in_final */,
				8BC75FE51BF19CE10008CDAB /* Products */,
			);
			sourceTree = "<group>";
		};
		8BC75FE51BF19CE10008CDAB /* Products */ = {
			isa = PBXGroup;
			children = (
				8BC75FE41BF19CE10008CDAB /* omp_in_final */,
			);
			name = Products;
			sourceTree = "<group>";
		};
		8BC75FE61BF19CE10008CDAB /* omp_in_final */ = {
			isa = PBXGroup;
			children = (
				8BC75FE71BF19CE10008CDAB /* main.c */,
			);
			path = omp_in_final;
			sourceTree = "<group>";
		};
/* End PBXGroup section */

/* Begin PBXNativeTarget section */
		8BC75FE31BF19CE10008CDAB /* omp_in_final */ = {
			isa = PBXNativeTarget;
			buildConfigurationList = 8BC75FEB1BF19CE10008CDAB /* Build configuration list for PBXNativeTarget "omp_in_final" */;
			buildPhases = (
				8BC75FE01BF19CE10008CDAB /* Sources */,
				8BC75FE11BF19CE10008CDAB /* Frameworks */,
				8BC75FE21BF19CE10008CDAB /* CopyFiles */,
			);
			buildRules = (
			);
			dependencies = (
			);
			name = omp_in_final;
			productName = omp_in_final;
			productReference = 8BC75FE41BF19CE10008CDAB /* omp_in_final */;
			productType = "com.apple.product-type.tool";
		};
/* End PBXNativeTarget section */

/* Begin PBXProject section */
		8BC75FDC1BF19CE10008CDAB /* Project object */ = {
			isa = PBXProject;
			attributes = {
				LastUpgradeCheck = 0700;
				ORGANIZATIONNAME = "Josue Garcia";
				TargetAttributes = {
					8BC75FE31BF19CE10008CDAB = {
						CreatedOnToolsVersion = 7.0;
					};
				};
			};
			buildConfigurationList = 8BC75FDF1BF19CE10008CDAB /* Build configuration list for PBXProject "omp_in_final" */;
			compatibilityVersion = "Xcode 3.2";
			developmentRegion = English;
			hasScannedForEncodings = 0;
			knownRegions = (
				en,
			);
			mainGroup = 8BC75FDB1BF19CE10008CDAB;
			productRefGroup = 8BC75FE51BF19CE10008CDAB /* Products */;
			projectDirPath = "";
			projectRoot = "";
			targets = (
				8BC75FE31BF19CE10008CDAB /* omp_in_final */,
			);
		};
/* End PBXProject section */

/* Begin PBXSourcesBuildPhase section */
		8BC75FE01BF19CE10008CDAB /* Sources */ = {
			isa = PBXSourcesBuildPhase;
			buildActionMask = 2147483647;
			files = (
				8BC75FE81BF19CE10008CDAB /* main.c in Sources */,
			);
			runOnlyForDeploymentPostprocessing = 0;
		};
/* End PBXSourcesBuildPhase section */

/* Begin XCBuildConfiguration section */
		8BC75FE91BF19CE10008CDAB /* Debug */ = {
			isa = XCBuildConfiguration;
			buildSettings = {
				ALWAYS_SEARCH_USER_PATHS = NO;
				CLANG_CXX_LANGUAGE_STANDARD = "gnu++0x";
				CLANG_CXX_LIBRARY = "libc++";
				CLANG_ENABLE_MODULES = YES;
				CLANG_ENABLE_OBJC_ARC = YES;
				CLANG_WARN_BOOL_CONVERSION = YES;
				CLANG_WARN_CONSTANT_CONVERSION = YES;
				CLANG_WARN_DIRECT_OBJC_ISA_USAGE = YES_ERROR;
				CLANG_WARN_EMPTY_BODY = YES;
				CLANG_WARN_ENUM_CONVERSION = YES;
				CLANG_WARN_INT_CONVERSION = YES;
				CLANG_WARN_OBJC_ROOT_CLASS = YES_ERROR;
				CLANG_WARN_UNREACHABLE_CODE = YES;
				CLANG_WARN__DUPLICATE_METHOD_MATCH = YES;
				COPY_PHASE_STRIP = NO;
				DEBUG_INFORMATION_FORMAT = dwarf;
				ENABLE_STRICT_OBJC_MSGSEND = YES;
				ENABLE_TESTABILITY = YES;
				GCC_C_LANGUAGE_STANDARD = gnu99;
				GCC_DYNAMIC_NO_PIC = NO;
				GCC_NO_COMMON_BLOCKS = YES;
				GCC_OPTIMIZATION_LEVEL = 0;
				GCC_PREPROCESSOR_DEFINITIONS = (
					"DEBUG=1",
					"$(inherited)",
				);
				GCC_WARN_64_TO_32_BIT_CONVERSION = YES;
				GCC_WARN_ABOUT_RETURN_TYPE = YES_ERROR;
				GCC_WARN_UNDECLARED_SELECTOR = YES;
				GCC_WARN_UNINITIALIZED_AUTOS = YES_AGGRESSIVE;
				GCC_WARN_UNUSED_FUNCTION = YES;
				GCC_WARN_UNUSED_VARIABLE = YES;
				MACOSX_DEPLOYMENT_TARGET = 10.10;
				MTL_ENABLE_DEBUG_INFO = YES;
				ONLY_ACTIVE_ARCH = YES;
				SDKROOT = macosx;
			};
			name = Debug;
		};
		8BC75FEA1BF19CE10008CDAB /* Release */ = {
			isa = XCBuildConfiguration;
			buildSettings = {
				ALWAYS_SEARCH_USER_PATHS = NO;
				CLANG_CXX_LANGUAGE_STANDARD = "gnu++0x";
				CLANG_CXX_LIBRARY = "libc++";
				CLANG_ENABLE_MODULES = YES;
				CLANG_ENABLE_OBJC_ARC = YES;
				CLANG_WARN_BOOL_CONVERSION = YES;
				CLANG_WARN_CONSTANT_CONVERSION = YES;
				CLANG_WARN_DIRECT_OBJC_ISA_USAGE = YES_ERROR;
				CLANG_WARN_EMPTY_BODY = YES;
				CLANG_WARN_ENUM_CONVERSION = YES;
				CLANG_WARN_INT_CONVERSION = YES;
				CLANG_WARN_OBJC_ROOT_CLASS = YES_ERROR;
				CLANG_WARN_UNREACHABLE_CODE = YES;
				CLANG_WARN__DUPLICATE_METHOD_MATCH = YES;
				COPY_PHASE_STRIP = NO;
				DEBUG_INFORMATION_FORMAT = "dwarf-with-dsym";
				ENABLE_NS_ASSERTIONS = NO;
				ENABLE_STRICT_OBJC_MSGSEND = YES;
				GCC_C_LANGUAGE_STANDARD = gnu99;
				GCC_NO_COMMON_BLOCKS = YES;
				GCC_WARN_64_TO_32_BIT_CONVERSION = YES;
				GCC_WARN_ABOUT_RETURN_TYPE = YES_ERROR;
				GCC_WARN_UNDECLARED_SELECTOR = YES;
				GCC_WARN_UNINITIALIZED_AUTOS = YES_AGGRESSIVE;
				GCC_WARN_UNUSED_FUNCTION = YES;
				GCC_WARN_UNUSED_VARIABLE = YES;
				MACOSX_DEPLOYMENT_TARGET = 10.10;
				MTL_ENABLE_DEBUG_INFO = NO;
				SDKROOT = macosx;
			};
			name = Release;
		};
		8BC75FEC1BF19CE10008CDAB /* Debug */ = {
			isa = XCBuildConfiguration;
			buildSettings = {
				PRODUCT_NAME = "$(TARGET_NAME)";
			};
			name = Debug;
		};
		8BC75FED1BF19CE10008CDAB /* Release */ = {
			isa = XCBuildConfiguration;
			buildSettings = {
				PRODUCT_NAME = "$(TARGET_NAME)";
			};
			name = Release;
		};
/* End XCBuildConfiguration section */

/* Begin XCConfigurationList section */
		8BC75FDF1BF19CE10008CDAB /* Build configuration list for PBXProject "omp_in_final" */ = {
			isa = XCConfigurationList;
			buildConfigurations = (
				8BC75FE91BF19CE10008CDAB /* Debug */,
				8BC75FEA1BF19CE10008CDAB /* Release */,
			);
			defaultConfigurationIsVisible = 0;
			defaultConfigurationName = Release;
		};
		8BC75FEB1BF19CE10008CDAB /* Build configuration list for PBXNativeTarget "omp_in_final" */ = {
			isa = XCConfigurationList;
			buildConfigurations = (
				8BC75FEC1BF19CE10008CDAB /* Debug */,
				8BC75FED1BF19CE10008CDAB /* Release */,
			);
			defaultConfigurationIsVisible = 0;
		};
/* End XCConfigurationList section */
	};
	rootObject = 8BC75FDC1BF19CE10008CDAB /* Project object */;
}
